
Microsoft Visual Studio Solution File, Format Version 12.00
# Visual Studio Version 17
VisualStudioVersion = 17.14.36518.9
MinimumVisualStudioVersion = 10.0.40219.1
Project("{2150E333-8FDC-42A3-9474-1A3956D46DE8}") = "Task0", "Task0", "{02EA681E-C7D8-13C7-8484-4AC65E1B71E8}"
EndProject
Project("{FAE04EC0-301F-11D3-BF4B-00C04F79EFBC}") = "Tyuiu.BritovDS.Sprint4.Task0.V21", "Tyuiu.BritovDS.Sprint4.Task0.V21\Tyuiu.BritovDS.Sprint4.Task0.V21.csproj", "{43192E79-64B2-484B-9CE0-CAA63EA32E6D}"
EndProject
Project("{FAE04EC0-301F-11D3-BF4B-00C04F79EFBC}") = "Tyuiu.BritovDS.Sprint4.Task0.V21.Lib", "Tyuiu.BritovDS.Sprint4.Task0.V21.Lib\Tyuiu.BritovDS.Sprint4.Task0.V21.Lib.csproj", "{0CF62210-194F-4904-85D4-5AF49F28D226}"
EndProject
Project("{FAE04EC0-301F-11D3-BF4B-00C04F79EFBC}") = "Tyuiu.BritovDS.Sprint4.Task0.V21.Test", "Tyuiu.BritovDS.Sprint4.Task0.V21.Test\Tyuiu.BritovDS.Sprint4.Task0.V21.Test.csproj", "{E2C0876C-AB3F-49E7-9BE5-585A03633035}"
EndProject
Project("{2150E333-8FDC-42A3-9474-1A3956D46DE8}") = "Task1", "Task1", "{474FF0C1-F61A-4B75-A752-A2AAE567B3A5}"
EndProject
Project("{FAE04EC0-301F-11D3-BF4B-00C04F79EFBC}") = "Tyuiu.BritovDS.Sprint4.Task1.V6", "Tyuiu.BritovDS.Sprint4.Task1.V6\Tyuiu.BritovDS.Sprint4.Task1.V6.csproj", "{3E4F2DB8-4887-433A-A145-D3E2916C283E}"
EndProject
Project("{FAE04EC0-301F-11D3-BF4B-00C04F79EFBC}") = "Tyuiu.BritovDS.Sprint4.Task1.V6.Lib", "Tyuiu.BritovDS.Sprint4.Task1.V6.Lib\Tyuiu.BritovDS.Sprint4.Task1.V6.Lib.csproj", "{09159F52-4A7E-4645-9A45-62FCB8D2C07B}"
EndProject
Project("{FAE04EC0-301F-11D3-BF4B-00C04F79EFBC}") = "Tyuiu.BritovDS.Sprint4.Task1.V6.Test", "Tyuiu.BritovDS.Sprint4.Task1.V6.Test\Tyuiu.BritovDS.Sprint4.Task1.V6.Test.csproj", "{1CB09BED-8195-44A1-BDBF-D2AF88F36837}"
EndProject
Project("{2150E333-8FDC-42A3-9474-1A3956D46DE8}") = "Task2", "Task2", "{9B551C6D-CC56-40C9-AF20-BCE0994FC5F2}"
EndProject
Project("{FAE04EC0-301F-11D3-BF4B-00C04F79EFBC}") = "Tyuiu.BritovDS.Sprint4.Task2.V6", "Tyuiu.BritovDS.Sprint4.Task2.V6\Tyuiu.BritovDS.Sprint4.Task2.V6.csproj", "{4F5D4A36-C567-95F4-3C99-6328C472987E}"
EndProject
Project("{FAE04EC0-301F-11D3-BF4B-00C04F79EFBC}") = "Tyuiu.BritovDS.Sprint4.Task2.V6.Lib", "Tyuiu.BritovDS.Sprint4.Task2.V6.Lib\Tyuiu.BritovDS.Sprint4.Task2.V6.Lib.csproj", "{01208BE6-2737-B525-EF43-049CD15276A3}"
EndProject
Project("{FAE04EC0-301F-11D3-BF4B-00C04F79EFBC}") = "Tyuiu.BritovDS.Sprint4.Task2.V6.Test", "Tyuiu.BritovDS.Sprint4.Task2.V6.Test\Tyuiu.BritovDS.Sprint4.Task2.V6.Test.csproj", "{8BDD108C-D711-42D5-8056-9351CFEDB977}"
EndProject
Project("{2150E333-8FDC-42A3-9474-1A3956D46DE8}") = "Task3", "Task3", "{F8660FB8-8C39-4DCD-8CC4-B8A59FF8CC54}"
EndProject
Project("{FAE04EC0-301F-11D3-BF4B-00C04F79EFBC}") = "Tyuiu.BritovDS.Sprint4.Task3.V16", "Tyuiu.BritovDS.Sprint4.Task3.V16\Tyuiu.BritovDS.Sprint4.Task3.V16.csproj", "{D1ED22C6-F316-4919-858C-BB1545FC4817}"
EndProject
Project("{FAE04EC0-301F-11D3-BF4B-00C04F79EFBC}") = "Tyuiu.BritovDS.Sprint4.Task3.V16.Lib", "Tyuiu.BritovDS.Sprint4.Task3.V16.Lib\Tyuiu.BritovDS.Sprint4.Task3.V16.Lib.csproj", "{9FA481D9-FCCA-449B-9917-0C6B9A6AD2C3}"
EndProject
Project("{FAE04EC0-301F-11D3-BF4B-00C04F79EFBC}") = "Tyuiu.BritovDS.Sprint4.Task3.V16.Test", "Tyuiu.BritovDS.Sprint4.Task3.V16.Test\Tyuiu.BritovDS.Sprint4.Task3.V16.Test.csproj", "{A0EF58C8-FA0A-4722-AE24-295AB6348118}"
EndProject
Project("{2150E333-8FDC-42A3-9474-1A3956D46DE8}") = "Task4", "Task4", "{85B21E6E-33BE-4CB0-8167-82AC03E97E86}"
EndProject
Project("{FAE04EC0-301F-11D3-BF4B-00C04F79EFBC}") = "Tyuiu.BritovDS.Sprint4.Task4.V10", "Tyuiu.BritovDS.Sprint4.Task4.V10\Tyuiu.BritovDS.Sprint4.Task4.V10.csproj", "{95E2AF99-29C9-43F6-9AE5-2C7ED3B8155A}"
EndProject
Project("{FAE04EC0-301F-11D3-BF4B-00C04F79EFBC}") = "Tyuiu.BritovDS.Sprint4.Task4.V10.Lib", "Tyuiu.BritovDS.Sprint4.Task4.V10.Lib\Tyuiu.BritovDS.Sprint4.Task4.V10.Lib.csproj", "{D754AB77-8CBB-462C-8B4D-79B854F721DB}"
EndProject
Project("{FAE04EC0-301F-11D3-BF4B-00C04F79EFBC}") = "Tyuiu.BritovDS.Sprint4.Task4.V10.Test", "Tyuiu.BritovDS.Sprint4.Task4.V10.Test\Tyuiu.BritovDS.Sprint4.Task4.V10.Test.csproj", "{127458D2-99AA-4F65-B9C9-80890B76E300}"
EndProject
Project("{2150E333-8FDC-42A3-9474-1A3956D46DE8}") = "Task5", "Task5", "{D541992A-8ECE-482C-BD9B-88D288D8A6DD}"
EndProject
Project("{FAE04EC0-301F-11D3-BF4B-00C04F79EFBC}") = "Tyuiu.BritovDS.Sprint4.Task5.V14", "Tyuiu.BritovDS.Sprint4.Task5.V14\Tyuiu.BritovDS.Sprint4.Task5.V14.csproj", "{41921D95-6361-434D-8105-ADEE73196B15}"
EndProject
Project("{FAE04EC0-301F-11D3-BF4B-00C04F79EFBC}") = "Tyuiu.BritovDS.Sprint4.Task5.V14.Lib", "Tyuiu.BritovDS.Sprint4.Task5.V14.Lib\Tyuiu.BritovDS.Sprint4.Task5.V14.Lib.csproj", "{DB0C9FD6-A631-4D2D-8449-45D1216F6C7F}"
EndProject
Project("{FAE04EC0-301F-11D3-BF4B-00C04F79EFBC}") = "Tyuiu.BritovDS.Sprint4.Task5.V14.Test", "Tyuiu.BritovDS.Sprint4.Task5.V14.Test\Tyuiu.BritovDS.Sprint4.Task5.V14.Test.csproj", "{C1A8519E-4D30-41DD-AD6B-1E5BC81A87A1}"
EndProject
Project("{2150E333-8FDC-42A3-9474-1A3956D46DE8}") = "Task6", "Task6", "{744F44AE-663C-45A3-A8D1-4FA5919FB65A}"
EndProject
Project("{FAE04EC0-301F-11D3-BF4B-00C04F79EFBC}") = "Tyuiu.BritovDS.Sprint4.Task6.V5", "Tyuiu.BritovDS.Sprint4.Task6.V5\Tyuiu.BritovDS.Sprint4.Task6.V5.csproj", "{E3E46F44-F09E-413D-84A5-251370D262F8}"
EndProject
Project("{FAE04EC0-301F-11D3-BF4B-00C04F79EFBC}") = "Tyuiu.BritovDS.Sprint4.Task6.V5.Lib", "Tyuiu.BritovDS.Sprint4.Task6.V5.Lib\Tyuiu.BritovDS.Sprint4.Task6.V5.Lib.csproj", "{81E46C00-9AE9-4981-ADCB-C49947B577E8}"
EndProject
Project("{FAE04EC0-301F-11D3-BF4B-00C04F79EFBC}") = "Tyuiu.BritovDS.Sprint4.Task6.V5.Test", "Tyuiu.BritovDS.Sprint4.Task6.V5.Test\Tyuiu.BritovDS.Sprint4.Task6.V5.Test.csproj", "{8B510329-9E1C-4434-89F4-CFA699716B66}"
EndProject
Global
	GlobalSection(SolutionConfigurationPlatforms) = preSolution
		Debug|Any CPU = Debug|Any CPU
		Release|Any CPU = Release|Any CPU
	EndGlobalSection
	GlobalSection(ProjectConfigurationPlatforms) = postSolution
		{43192E79-64B2-484B-9CE0-CAA63EA32E6D}.Debug|Any CPU.ActiveCfg = Debug|Any CPU
		{43192E79-64B2-484B-9CE0-CAA63EA32E6D}.Debug|Any CPU.Build.0 = Debug|Any CPU
		{43192E79-64B2-484B-9CE0-CAA63EA32E6D}.Release|Any CPU.ActiveCfg = Release|Any CPU
		{43192E79-64B2-484B-9CE0-CAA63EA32E6D}.Release|Any CPU.Build.0 = Release|Any CPU
		{0CF62210-194F-4904-85D4-5AF49F28D226}.Debug|Any CPU.ActiveCfg = Debug|Any CPU
		{0CF62210-194F-4904-85D4-5AF49F28D226}.Debug|Any CPU.Build.0 = Debug|Any CPU
		{0CF62210-194F-4904-85D4-5AF49F28D226}.Release|Any CPU.ActiveCfg = Release|Any CPU
		{0CF62210-194F-4904-85D4-5AF49F28D226}.Release|Any CPU.Build.0 = Release|Any CPU
		{E2C0876C-AB3F-49E7-9BE5-585A03633035}.Debug|Any CPU.ActiveCfg = Debug|Any CPU
		{E2C0876C-AB3F-49E7-9BE5-585A03633035}.Debug|Any CPU.Build.0 = Debug|Any CPU
		{E2C0876C-AB3F-49E7-9BE5-585A03633035}.Release|Any CPU.ActiveCfg = Release|Any CPU
		{E2C0876C-AB3F-49E7-9BE5-585A03633035}.Release|Any CPU.Build.0 = Release|Any CPU
		{3E4F2DB8-4887-433A-A145-D3E2916C283E}.Debug|Any CPU.ActiveCfg = Debug|Any CPU
		{3E4F2DB8-4887-433A-A145-D3E2916C283E}.Debug|Any CPU.Build.0 = Debug|Any CPU
		{3E4F2DB8-4887-433A-A145-D3E2916C283E}.Release|Any CPU.ActiveCfg = Release|Any CPU
		{3E4F2DB8-4887-433A-A145-D3E2916C283E}.Release|Any CPU.Build.0 = Release|Any CPU
		{09159F52-4A7E-4645-9A45-62FCB8D2C07B}.Debug|Any CPU.ActiveCfg = Debug|Any CPU
		{09159F52-4A7E-4645-9A45-62FCB8D2C07B}.Debug|Any CPU.Build.0 = Debug|Any CPU
		{09159F52-4A7E-4645-9A45-62FCB8D2C07B}.Release|Any CPU.ActiveCfg = Release|Any CPU
		{09159F52-4A7E-4645-9A45-62FCB8D2C07B}.Release|Any CPU.Build.0 = Release|Any CPU
		{1CB09BED-8195-44A1-BDBF-D2AF88F36837}.Debug|Any CPU.ActiveCfg = Debug|Any CPU
		{1CB09BED-8195-44A1-BDBF-D2AF88F36837}.Debug|Any CPU.Build.0 = Debug|Any CPU
		{1CB09BED-8195-44A1-BDBF-D2AF88F36837}.Release|Any CPU.ActiveCfg = Release|Any CPU
		{1CB09BED-8195-44A1-BDBF-D2AF88F36837}.Release|Any CPU.Build.0 = Release|Any CPU
		{4F5D4A36-C567-95F4-3C99-6328C472987E}.Debug|Any CPU.ActiveCfg = Debug|Any CPU
		{4F5D4A36-C567-95F4-3C99-6328C472987E}.Debug|Any CPU.Build.0 = Debug|Any CPU
		{4F5D4A36-C567-95F4-3C99-6328C472987E}.Release|Any CPU.ActiveCfg = Release|Any CPU
		{4F5D4A36-C567-95F4-3C99-6328C472987E}.Release|Any CPU.Build.0 = Release|Any CPU
		{01208BE6-2737-B525-EF43-049CD15276A3}.Debug|Any CPU.ActiveCfg = Debug|Any CPU
		{01208BE6-2737-B525-EF43-049CD15276A3}.Debug|Any CPU.Build.0 = Debug|Any CPU
		{01208BE6-2737-B525-EF43-049CD15276A3}.Release|Any CPU.ActiveCfg = Release|Any CPU
		{01208BE6-2737-B525-EF43-049CD15276A3}.Release|Any CPU.Build.0 = Release|Any CPU
		{8BDD108C-D711-42D5-8056-9351CFEDB977}.Debug|Any CPU.ActiveCfg = Debug|Any CPU
		{8BDD108C-D711-42D5-8056-9351CFEDB977}.Debug|Any CPU.Build.0 = Debug|Any CPU
		{8BDD108C-D711-42D5-8056-9351CFEDB977}.Release|Any CPU.ActiveCfg = Release|Any CPU
		{8BDD108C-D711-42D5-8056-9351CFEDB977}.Release|Any CPU.Build.0 = Release|Any CPU
		{D1ED22C6-F316-4919-858C-BB1545FC4817}.Debug|Any CPU.ActiveCfg = Debug|Any CPU
		{D1ED22C6-F316-4919-858C-BB1545FC4817}.Debug|Any CPU.Build.0 = Debug|Any CPU
		{D1ED22C6-F316-4919-858C-BB1545FC4817}.Release|Any CPU.ActiveCfg = Release|Any CPU
		{D1ED22C6-F316-4919-858C-BB1545FC4817}.Release|Any CPU.Build.0 = Release|Any CPU
		{9FA481D9-FCCA-449B-9917-0C6B9A6AD2C3}.Debug|Any CPU.ActiveCfg = Debug|Any CPU
		{9FA481D9-FCCA-449B-9917-0C6B9A6AD2C3}.Debug|Any CPU.Build.0 = Debug|Any CPU
		{9FA481D9-FCCA-449B-9917-0C6B9A6AD2C3}.Release|Any CPU.ActiveCfg = Release|Any CPU
		{9FA481D9-FCCA-449B-9917-0C6B9A6AD2C3}.Release|Any CPU.Build.0 = Release|Any CPU
		{A0EF58C8-FA0A-4722-AE24-295AB6348118}.Debug|Any CPU.ActiveCfg = Debug|Any CPU
		{A0EF58C8-FA0A-4722-AE24-295AB6348118}.Debug|Any CPU.Build.0 = Debug|Any CPU
		{A0EF58C8-FA0A-4722-AE24-295AB6348118}.Release|Any CPU.ActiveCfg = Release|Any CPU
		{A0EF58C8-FA0A-4722-AE24-295AB6348118}.Release|Any CPU.Build.0 = Release|Any CPU
		{95E2AF99-29C9-43F6-9AE5-2C7ED3B8155A}.Debug|Any CPU.ActiveCfg = Debug|Any CPU
		{95E2AF99-29C9-43F6-9AE5-2C7ED3B8155A}.Debug|Any CPU.Build.0 = Debug|Any CPU
		{95E2AF99-29C9-43F6-9AE5-2C7ED3B8155A}.Release|Any CPU.ActiveCfg = Release|Any CPU
		{95E2AF99-29C9-43F6-9AE5-2C7ED3B8155A}.Release|Any CPU.Build.0 = Release|Any CPU
		{D754AB77-8CBB-462C-8B4D-79B854F721DB}.Debug|Any CPU.ActiveCfg = Debug|Any CPU
		{D754AB77-8CBB-462C-8B4D-79B854F721DB}.Debug|Any CPU.Build.0 = Debug|Any CPU
		{D754AB77-8CBB-462C-8B4D-79B854F721DB}.Release|Any CPU.ActiveCfg = Release|Any CPU
		{D754AB77-8CBB-462C-8B4D-79B854F721DB}.Release|Any CPU.Build.0 = Release|Any CPU
		{127458D2-99AA-4F65-B9C9-80890B76E300}.Debug|Any CPU.ActiveCfg = Debug|Any CPU
		{127458D2-99AA-4F65-B9C9-80890B76E300}.Debug|Any CPU.Build.0 = Debug|Any CPU
		{127458D2-99AA-4F65-B9C9-80890B76E300}.Release|Any CPU.ActiveCfg = Release|Any CPU
		{127458D2-99AA-4F65-B9C9-80890B76E300}.Release|Any CPU.Build.0 = Release|Any CPU
		{41921D95-6361-434D-8105-ADEE73196B15}.Debug|Any CPU.ActiveCfg = Debug|Any CPU
		{41921D95-6361-434D-8105-ADEE73196B15}.Debug|Any CPU.Build.0 = Debug|Any CPU
		{41921D95-6361-434D-8105-ADEE73196B15}.Release|Any CPU.ActiveCfg = Release|Any CPU
		{41921D95-6361-434D-8105-ADEE73196B15}.Release|Any CPU.Build.0 = Release|Any CPU
		{DB0C9FD6-A631-4D2D-8449-45D1216F6C7F}.Debug|Any CPU.ActiveCfg = Debug|Any CPU
		{DB0C9FD6-A631-4D2D-8449-45D1216F6C7F}.Debug|Any CPU.Build.0 = Debug|Any CPU
		{DB0C9FD6-A631-4D2D-8449-45D1216F6C7F}.Release|Any CPU.ActiveCfg = Release|Any CPU
		{DB0C9FD6-A631-4D2D-8449-45D1216F6C7F}.Release|Any CPU.Build.0 = Release|Any CPU
		{C1A8519E-4D30-41DD-AD6B-1E5BC81A87A1}.Debug|Any CPU.ActiveCfg = Debug|Any CPU
		{C1A8519E-4D30-41DD-AD6B-1E5BC81A87A1}.Debug|Any CPU.Build.0 = Debug|Any CPU
		{C1A8519E-4D30-41DD-AD6B-1E5BC81A87A1}.Release|Any CPU.ActiveCfg = Release|Any CPU
		{C1A8519E-4D30-41DD-AD6B-1E5BC81A87A1}.Release|Any CPU.Build.0 = Release|Any CPU
		{E3E46F44-F09E-413D-84A5-251370D262F8}.Debug|Any CPU.ActiveCfg = Debug|Any CPU
		{E3E46F44-F09E-413D-84A5-251370D262F8}.Debug|Any CPU.Build.0 = Debug|Any CPU
		{E3E46F44-F09E-413D-84A5-251370D262F8}.Release|Any CPU.ActiveCfg = Release|Any CPU
		{E3E46F44-F09E-413D-84A5-251370D262F8}.Release|Any CPU.Build.0 = Release|Any CPU
		{81E46C00-9AE9-4981-ADCB-C49947B577E8}.Debug|Any CPU.ActiveCfg = Debug|Any CPU
		{81E46C00-9AE9-4981-ADCB-C49947B577E8}.Debug|Any CPU.Build.0 = Debug|Any CPU
		{81E46C00-9AE9-4981-ADCB-C49947B577E8}.Release|Any CPU.ActiveCfg = Release|Any CPU
		{81E46C00-9AE9-4981-ADCB-C49947B577E8}.Release|Any CPU.Build.0 = Release|Any CPU
		{8B510329-9E1C-4434-89F4-CFA699716B66}.Debug|Any CPU.ActiveCfg = Debug|Any CPU
		{8B510329-9E1C-4434-89F4-CFA699716B66}.Debug|Any CPU.Build.0 = Debug|Any CPU
		{8B510329-9E1C-4434-89F4-CFA699716B66}.Release|Any CPU.ActiveCfg = Release|Any CPU
		{8B510329-9E1C-4434-89F4-CFA699716B66}.Release|Any CPU.Build.0 = Release|Any CPU
	EndGlobalSection
	GlobalSection(SolutionProperties) = preSolution
		HideSolutionNode = FALSE
	EndGlobalSection
	GlobalSection(NestedProjects) = preSolution
		{43192E79-64B2-484B-9CE0-CAA63EA32E6D} = {02EA681E-C7D8-13C7-8484-4AC65E1B71E8}
		{0CF62210-194F-4904-85D4-5AF49F28D226} = {02EA681E-C7D8-13C7-8484-4AC65E1B71E8}
		{E2C0876C-AB3F-49E7-9BE5-585A03633035} = {02EA681E-C7D8-13C7-8484-4AC65E1B71E8}
		{3E4F2DB8-4887-433A-A145-D3E2916C283E} = {474FF0C1-F61A-4B75-A752-A2AAE567B3A5}
		{09159F52-4A7E-4645-9A45-62FCB8D2C07B} = {474FF0C1-F61A-4B75-A752-A2AAE567B3A5}
		{1CB09BED-8195-44A1-BDBF-D2AF88F36837} = {474FF0C1-F61A-4B75-A752-A2AAE567B3A5}
		{4F5D4A36-C567-95F4-3C99-6328C472987E} = {9B551C6D-CC56-40C9-AF20-BCE0994FC5F2}
		{01208BE6-2737-B525-EF43-049CD15276A3} = {9B551C6D-CC56-40C9-AF20-BCE0994FC5F2}
		{8BDD108C-D711-42D5-8056-9351CFEDB977} = {9B551C6D-CC56-40C9-AF20-BCE0994FC5F2}
		{D1ED22C6-F316-4919-858C-BB1545FC4817} = {F8660FB8-8C39-4DCD-8CC4-B8A59FF8CC54}
		{9FA481D9-FCCA-449B-9917-0C6B9A6AD2C3} = {F8660FB8-8C39-4DCD-8CC4-B8A59FF8CC54}
		{A0EF58C8-FA0A-4722-AE24-295AB6348118} = {F8660FB8-8C39-4DCD-8CC4-B8A59FF8CC54}
		{95E2AF99-29C9-43F6-9AE5-2C7ED3B8155A} = {85B21E6E-33BE-4CB0-8167-82AC03E97E86}
		{D754AB77-8CBB-462C-8B4D-79B854F721DB} = {85B21E6E-33BE-4CB0-8167-82AC03E97E86}
		{127458D2-99AA-4F65-B9C9-80890B76E300} = {85B21E6E-33BE-4CB0-8167-82AC03E97E86}
		{41921D95-6361-434D-8105-ADEE73196B15} = {D541992A-8ECE-482C-BD9B-88D288D8A6DD}
		{DB0C9FD6-A631-4D2D-8449-45D1216F6C7F} = {D541992A-8ECE-482C-BD9B-88D288D8A6DD}
		{C1A8519E-4D30-41DD-AD6B-1E5BC81A87A1} = {D541992A-8ECE-482C-BD9B-88D288D8A6DD}
		{E3E46F44-F09E-413D-84A5-251370D262F8} = {744F44AE-663C-45A3-A8D1-4FA5919FB65A}
		{81E46C00-9AE9-4981-ADCB-C49947B577E8} = {744F44AE-663C-45A3-A8D1-4FA5919FB65A}
		{8B510329-9E1C-4434-89F4-CFA699716B66} = {744F44AE-663C-45A3-A8D1-4FA5919FB65A}
	EndGlobalSection
	GlobalSection(ExtensibilityGlobals) = postSolution
		SolutionGuid = {3D1EA517-402B-4083-82F7-F3DF47A4E1C2}
	EndGlobalSection
EndGlobal
